
Microsoft Visual Studio Solution File, Format Version 12.00
# Visual Studio Version 17
VisualStudioVersion = 17.6.33723.286
MinimumVisualStudioVersion = 10.0.40219.1
Project("{FAE04EC0-301F-11D3-BF4B-00C04F79EFBC}") = "fendhal 2 project", "fendhal 2 project\fendhal 2 project.csproj", "{B7EA7CD1-BF4F-4280-8D41-7FEF8EC6E43D}"
EndProject
Global
	GlobalSection(SolutionConfigurationPlatforms) = preSolution
		Debug|Any CPU = Debug|Any CPU
		Release|Any CPU = Release|Any CPU
	EndGlobalSection
	GlobalSection(ProjectConfigurationPlatforms) = postSolution
		{B7EA7CD1-BF4F-4280-8D41-7FEF8EC6E43D}.Debug|Any CPU.ActiveCfg = Debug|Any CPU
		{B7EA7CD1-BF4F-4280-8D41-7FEF8EC6E43D}.Debug|Any CPU.Build.0 = Debug|Any CPU
		{B7EA7CD1-BF4F-4280-8D41-7FEF8EC6E43D}.Release|Any CPU.ActiveCfg = Release|Any CPU
		{B7EA7CD1-BF4F-4280-8D41-7FEF8EC6E43D}.Release|Any CPU.Build.0 = Release|Any CPU
	EndGlobalSection
	GlobalSection(SolutionProperties) = preSolution
		HideSolutionNode = FALSE
	EndGlobalSection
	GlobalSection(ExtensibilityGlobals) = postSolution
		SolutionGuid = {ACAA836E-8954-4D2E-A285-618A201F5C05}
	EndGlobalSection
EndGlobal
