
Microsoft Visual Studio Solution File, Format Version 12.00
# Visual Studio Version 17
VisualStudioVersion = 17.5.33502.453
MinimumVisualStudioVersion = 10.0.40219.1
Project("{FAE04EC0-301F-11D3-BF4B-00C04F79EFBC}") = "employe polymorphism", "employe polymorphism\employe polymorphism.csproj", "{2CF003A0-2999-49AD-B2BD-B62F2E173F29}"
EndProject
Global
	GlobalSection(SolutionConfigurationPlatforms) = preSolution
		Debug|Any CPU = Debug|Any CPU
		Release|Any CPU = Release|Any CPU
	EndGlobalSection
	GlobalSection(ProjectConfigurationPlatforms) = postSolution
		{2CF003A0-2999-49AD-B2BD-B62F2E173F29}.Debug|Any CPU.ActiveCfg = Debug|Any CPU
		{2CF003A0-2999-49AD-B2BD-B62F2E173F29}.Debug|Any CPU.Build.0 = Debug|Any CPU
		{2CF003A0-2999-49AD-B2BD-B62F2E173F29}.Release|Any CPU.ActiveCfg = Release|Any CPU
		{2CF003A0-2999-49AD-B2BD-B62F2E173F29}.Release|Any CPU.Build.0 = Release|Any CPU
	EndGlobalSection
	GlobalSection(SolutionProperties) = preSolution
		HideSolutionNode = FALSE
	EndGlobalSection
	GlobalSection(ExtensibilityGlobals) = postSolution
		SolutionGuid = {3DA30828-AE93-41B5-A84B-7F1D1D4AD756}
	EndGlobalSection
EndGlobal
