
Microsoft Visual Studio Solution File, Format Version 12.00
# Visual Studio Version 17
VisualStudioVersion = 17.5.33502.453
MinimumVisualStudioVersion = 10.0.40219.1
Project("{FAE04EC0-301F-11D3-BF4B-00C04F79EFBC}") = "employee polymorphism", "employee polymorphism\employee polymorphism.csproj", "{CEE8DEFF-D2E7-42F2-B728-4590D3F792A5}"
EndProject
Global
	GlobalSection(SolutionConfigurationPlatforms) = preSolution
		Debug|Any CPU = Debug|Any CPU
		Release|Any CPU = Release|Any CPU
	EndGlobalSection
	GlobalSection(ProjectConfigurationPlatforms) = postSolution
		{CEE8DEFF-D2E7-42F2-B728-4590D3F792A5}.Debug|Any CPU.ActiveCfg = Debug|Any CPU
		{CEE8DEFF-D2E7-42F2-B728-4590D3F792A5}.Debug|Any CPU.Build.0 = Debug|Any CPU
		{CEE8DEFF-D2E7-42F2-B728-4590D3F792A5}.Release|Any CPU.ActiveCfg = Release|Any CPU
		{CEE8DEFF-D2E7-42F2-B728-4590D3F792A5}.Release|Any CPU.Build.0 = Release|Any CPU
	EndGlobalSection
	GlobalSection(SolutionProperties) = preSolution
		HideSolutionNode = FALSE
	EndGlobalSection
	GlobalSection(ExtensibilityGlobals) = postSolution
		SolutionGuid = {8B820EC0-90E7-4547-81FB-00509FD6D19B}
	EndGlobalSection
EndGlobal
