
Microsoft Visual Studio Solution File, Format Version 12.00
# Visual Studio Version 17
VisualStudioVersion = 17.6.33723.286
MinimumVisualStudioVersion = 10.0.40219.1
Project("{FAE04EC0-301F-11D3-BF4B-00C04F79EFBC}") = "masterpage2", "masterpage2\masterpage2.csproj", "{CC67C78A-6BAE-428F-9439-EBD1ACF02AEA}"
EndProject
Global
	GlobalSection(SolutionConfigurationPlatforms) = preSolution
		Debug|Any CPU = Debug|Any CPU
		Release|Any CPU = Release|Any CPU
	EndGlobalSection
	GlobalSection(ProjectConfigurationPlatforms) = postSolution
		{CC67C78A-6BAE-428F-9439-EBD1ACF02AEA}.Debug|Any CPU.ActiveCfg = Debug|Any CPU
		{CC67C78A-6BAE-428F-9439-EBD1ACF02AEA}.Debug|Any CPU.Build.0 = Debug|Any CPU
		{CC67C78A-6BAE-428F-9439-EBD1ACF02AEA}.Release|Any CPU.ActiveCfg = Release|Any CPU
		{CC67C78A-6BAE-428F-9439-EBD1ACF02AEA}.Release|Any CPU.Build.0 = Release|Any CPU
	EndGlobalSection
	GlobalSection(SolutionProperties) = preSolution
		HideSolutionNode = FALSE
	EndGlobalSection
	GlobalSection(ExtensibilityGlobals) = postSolution
		SolutionGuid = {65904401-D79A-4B5A-B024-6BD3CF255CD6}
	EndGlobalSection
EndGlobal
