
Microsoft Visual Studio Solution File, Format Version 12.00
# Visual Studio Version 17
VisualStudioVersion = 17.6.33723.286
MinimumVisualStudioVersion = 10.0.40219.1
Project("{FAE04EC0-301F-11D3-BF4B-00C04F79EFBC}") = "asp5", "asp5\asp5.csproj", "{388379EA-8C36-4FD1-8BCF-3DCB6244D427}"
EndProject
Global
	GlobalSection(SolutionConfigurationPlatforms) = preSolution
		Debug|Any CPU = Debug|Any CPU
		Release|Any CPU = Release|Any CPU
	EndGlobalSection
	GlobalSection(ProjectConfigurationPlatforms) = postSolution
		{388379EA-8C36-4FD1-8BCF-3DCB6244D427}.Debug|Any CPU.ActiveCfg = Debug|Any CPU
		{388379EA-8C36-4FD1-8BCF-3DCB6244D427}.Debug|Any CPU.Build.0 = Debug|Any CPU
		{388379EA-8C36-4FD1-8BCF-3DCB6244D427}.Release|Any CPU.ActiveCfg = Release|Any CPU
		{388379EA-8C36-4FD1-8BCF-3DCB6244D427}.Release|Any CPU.Build.0 = Release|Any CPU
	EndGlobalSection
	GlobalSection(SolutionProperties) = preSolution
		HideSolutionNode = FALSE
	EndGlobalSection
	GlobalSection(ExtensibilityGlobals) = postSolution
		SolutionGuid = {A6D245EF-2CDA-44DF-80F6-0DD2E99E8452}
	EndGlobalSection
EndGlobal
