
Microsoft Visual Studio Solution File, Format Version 12.00
# Visual Studio Version 17
VisualStudioVersion = 17.6.33723.286
MinimumVisualStudioVersion = 10.0.40219.1
Project("{FAE04EC0-301F-11D3-BF4B-00C04F79EFBC}") = "stringquery", "stringquery\stringquery.csproj", "{F4C964D3-B4A8-4877-BB6A-4C8A190FD523}"
EndProject
Global
	GlobalSection(SolutionConfigurationPlatforms) = preSolution
		Debug|Any CPU = Debug|Any CPU
		Release|Any CPU = Release|Any CPU
	EndGlobalSection
	GlobalSection(ProjectConfigurationPlatforms) = postSolution
		{F4C964D3-B4A8-4877-BB6A-4C8A190FD523}.Debug|Any CPU.ActiveCfg = Debug|Any CPU
		{F4C964D3-B4A8-4877-BB6A-4C8A190FD523}.Debug|Any CPU.Build.0 = Debug|Any CPU
		{F4C964D3-B4A8-4877-BB6A-4C8A190FD523}.Release|Any CPU.ActiveCfg = Release|Any CPU
		{F4C964D3-B4A8-4877-BB6A-4C8A190FD523}.Release|Any CPU.Build.0 = Release|Any CPU
	EndGlobalSection
	GlobalSection(SolutionProperties) = preSolution
		HideSolutionNode = FALSE
	EndGlobalSection
	GlobalSection(ExtensibilityGlobals) = postSolution
		SolutionGuid = {5C69A43C-AD28-445F-B152-7F4A8EB62331}
	EndGlobalSection
EndGlobal
