
Microsoft Visual Studio Solution File, Format Version 12.00
# Visual Studio Version 17
VisualStudioVersion = 17.5.33502.453
MinimumVisualStudioVersion = 10.0.40219.1
Project("{FAE04EC0-301F-11D3-BF4B-00C04F79EFBC}") = "c# string tolower", "c# string tolower\c# string tolower.csproj", "{7331CD20-EF85-4CF9-B885-19F4A26BC329}"
EndProject
Global
	GlobalSection(SolutionConfigurationPlatforms) = preSolution
		Debug|Any CPU = Debug|Any CPU
		Release|Any CPU = Release|Any CPU
	EndGlobalSection
	GlobalSection(ProjectConfigurationPlatforms) = postSolution
		{7331CD20-EF85-4CF9-B885-19F4A26BC329}.Debug|Any CPU.ActiveCfg = Debug|Any CPU
		{7331CD20-EF85-4CF9-B885-19F4A26BC329}.Debug|Any CPU.Build.0 = Debug|Any CPU
		{7331CD20-EF85-4CF9-B885-19F4A26BC329}.Release|Any CPU.ActiveCfg = Release|Any CPU
		{7331CD20-EF85-4CF9-B885-19F4A26BC329}.Release|Any CPU.Build.0 = Release|Any CPU
	EndGlobalSection
	GlobalSection(SolutionProperties) = preSolution
		HideSolutionNode = FALSE
	EndGlobalSection
	GlobalSection(ExtensibilityGlobals) = postSolution
		SolutionGuid = {83ACE5D1-BFBB-4204-BE2D-88612CF60C24}
	EndGlobalSection
EndGlobal
