
Microsoft Visual Studio Solution File, Format Version 12.00
# Visual Studio Version 17
VisualStudioVersion = 17.6.33723.286
MinimumVisualStudioVersion = 10.0.40219.1
Project("{FAE04EC0-301F-11D3-BF4B-00C04F79EFBC}") = "asp3", "asp3\asp3.csproj", "{061AC714-A466-493E-8178-0D5F238CA064}"
EndProject
Global
	GlobalSection(SolutionConfigurationPlatforms) = preSolution
		Debug|Any CPU = Debug|Any CPU
		Release|Any CPU = Release|Any CPU
	EndGlobalSection
	GlobalSection(ProjectConfigurationPlatforms) = postSolution
		{061AC714-A466-493E-8178-0D5F238CA064}.Debug|Any CPU.ActiveCfg = Debug|Any CPU
		{061AC714-A466-493E-8178-0D5F238CA064}.Debug|Any CPU.Build.0 = Debug|Any CPU
		{061AC714-A466-493E-8178-0D5F238CA064}.Release|Any CPU.ActiveCfg = Release|Any CPU
		{061AC714-A466-493E-8178-0D5F238CA064}.Release|Any CPU.Build.0 = Release|Any CPU
	EndGlobalSection
	GlobalSection(SolutionProperties) = preSolution
		HideSolutionNode = FALSE
	EndGlobalSection
	GlobalSection(ExtensibilityGlobals) = postSolution
		SolutionGuid = {4082423B-7A1D-4FEA-AC24-8D45D0EA4A39}
	EndGlobalSection
EndGlobal
