
Microsoft Visual Studio Solution File, Format Version 12.00
# Visual Studio Version 17
VisualStudioVersion = 17.5.33502.453
MinimumVisualStudioVersion = 10.0.40219.1
Project("{FAE04EC0-301F-11D3-BF4B-00C04F79EFBC}") = "c# string compare", "c# string compare\c# string compare.csproj", "{15BA250B-5A4B-4F82-BEC4-B0492A9B71E5}"
EndProject
Global
	GlobalSection(SolutionConfigurationPlatforms) = preSolution
		Debug|Any CPU = Debug|Any CPU
		Release|Any CPU = Release|Any CPU
	EndGlobalSection
	GlobalSection(ProjectConfigurationPlatforms) = postSolution
		{15BA250B-5A4B-4F82-BEC4-B0492A9B71E5}.Debug|Any CPU.ActiveCfg = Debug|Any CPU
		{15BA250B-5A4B-4F82-BEC4-B0492A9B71E5}.Debug|Any CPU.Build.0 = Debug|Any CPU
		{15BA250B-5A4B-4F82-BEC4-B0492A9B71E5}.Release|Any CPU.ActiveCfg = Release|Any CPU
		{15BA250B-5A4B-4F82-BEC4-B0492A9B71E5}.Release|Any CPU.Build.0 = Release|Any CPU
	EndGlobalSection
	GlobalSection(SolutionProperties) = preSolution
		HideSolutionNode = FALSE
	EndGlobalSection
	GlobalSection(ExtensibilityGlobals) = postSolution
		SolutionGuid = {DCE84302-3343-41A4-9269-72843643CCD2}
	EndGlobalSection
EndGlobal
