
Microsoft Visual Studio Solution File, Format Version 12.00
# Visual Studio Version 17
VisualStudioVersion = 17.6.33723.286
MinimumVisualStudioVersion = 10.0.40219.1
Project("{FAE04EC0-301F-11D3-BF4B-00C04F79EFBC}") = "bankdll", "bankdll\bankdll.csproj", "{783462EA-9253-4EB7-8D30-52181552C895}"
EndProject
Global
	GlobalSection(SolutionConfigurationPlatforms) = preSolution
		Debug|Any CPU = Debug|Any CPU
		Release|Any CPU = Release|Any CPU
	EndGlobalSection
	GlobalSection(ProjectConfigurationPlatforms) = postSolution
		{783462EA-9253-4EB7-8D30-52181552C895}.Debug|Any CPU.ActiveCfg = Debug|Any CPU
		{783462EA-9253-4EB7-8D30-52181552C895}.Debug|Any CPU.Build.0 = Debug|Any CPU
		{783462EA-9253-4EB7-8D30-52181552C895}.Release|Any CPU.ActiveCfg = Release|Any CPU
		{783462EA-9253-4EB7-8D30-52181552C895}.Release|Any CPU.Build.0 = Release|Any CPU
	EndGlobalSection
	GlobalSection(SolutionProperties) = preSolution
		HideSolutionNode = FALSE
	EndGlobalSection
	GlobalSection(ExtensibilityGlobals) = postSolution
		SolutionGuid = {945ADEF7-DC06-46C2-A6D3-D910911B4DCE}
	EndGlobalSection
EndGlobal
