
Microsoft Visual Studio Solution File, Format Version 12.00
# Visual Studio Version 17
VisualStudioVersion = 17.6.33723.286
MinimumVisualStudioVersion = 10.0.40219.1
Project("{FAE04EC0-301F-11D3-BF4B-00C04F79EFBC}") = "trust2", "trust2\trust2.csproj", "{866AD0F2-80AA-45F3-A3F7-57BAD61E96A9}"
EndProject
Global
	GlobalSection(SolutionConfigurationPlatforms) = preSolution
		Debug|Any CPU = Debug|Any CPU
		Release|Any CPU = Release|Any CPU
	EndGlobalSection
	GlobalSection(ProjectConfigurationPlatforms) = postSolution
		{866AD0F2-80AA-45F3-A3F7-57BAD61E96A9}.Debug|Any CPU.ActiveCfg = Debug|Any CPU
		{866AD0F2-80AA-45F3-A3F7-57BAD61E96A9}.Debug|Any CPU.Build.0 = Debug|Any CPU
		{866AD0F2-80AA-45F3-A3F7-57BAD61E96A9}.Release|Any CPU.ActiveCfg = Release|Any CPU
		{866AD0F2-80AA-45F3-A3F7-57BAD61E96A9}.Release|Any CPU.Build.0 = Release|Any CPU
	EndGlobalSection
	GlobalSection(SolutionProperties) = preSolution
		HideSolutionNode = FALSE
	EndGlobalSection
	GlobalSection(ExtensibilityGlobals) = postSolution
		SolutionGuid = {358C3048-5872-426A-ADCA-1713C3884BA6}
	EndGlobalSection
EndGlobal
