
Microsoft Visual Studio Solution File, Format Version 12.00
# Visual Studio Version 17
VisualStudioVersion = 17.6.33723.286
MinimumVisualStudioVersion = 10.0.40219.1
Project("{FAE04EC0-301F-11D3-BF4B-00C04F79EFBC}") = "adrotator", "adrotator\adrotator.csproj", "{3440FEEF-C5A7-4D36-BB33-2E1AA4AE1D1A}"
EndProject
Global
	GlobalSection(SolutionConfigurationPlatforms) = preSolution
		Debug|Any CPU = Debug|Any CPU
		Release|Any CPU = Release|Any CPU
	EndGlobalSection
	GlobalSection(ProjectConfigurationPlatforms) = postSolution
		{3440FEEF-C5A7-4D36-BB33-2E1AA4AE1D1A}.Debug|Any CPU.ActiveCfg = Debug|Any CPU
		{3440FEEF-C5A7-4D36-BB33-2E1AA4AE1D1A}.Debug|Any CPU.Build.0 = Debug|Any CPU
		{3440FEEF-C5A7-4D36-BB33-2E1AA4AE1D1A}.Release|Any CPU.ActiveCfg = Release|Any CPU
		{3440FEEF-C5A7-4D36-BB33-2E1AA4AE1D1A}.Release|Any CPU.Build.0 = Release|Any CPU
	EndGlobalSection
	GlobalSection(SolutionProperties) = preSolution
		HideSolutionNode = FALSE
	EndGlobalSection
	GlobalSection(ExtensibilityGlobals) = postSolution
		SolutionGuid = {257CAA17-DBD6-4B78-8F56-6B15FC8BC81E}
	EndGlobalSection
EndGlobal
