
Microsoft Visual Studio Solution File, Format Version 12.00
# Visual Studio Version 17
VisualStudioVersion = 17.5.33502.453
MinimumVisualStudioVersion = 10.0.40219.1
Project("{FAE04EC0-301F-11D3-BF4B-00C04F79EFBC}") = "c# string endswith", "c# string endswith\c# string endswith.csproj", "{62944D1F-72EF-4634-B1AC-F612E9282541}"
EndProject
Global
	GlobalSection(SolutionConfigurationPlatforms) = preSolution
		Debug|Any CPU = Debug|Any CPU
		Release|Any CPU = Release|Any CPU
	EndGlobalSection
	GlobalSection(ProjectConfigurationPlatforms) = postSolution
		{62944D1F-72EF-4634-B1AC-F612E9282541}.Debug|Any CPU.ActiveCfg = Debug|Any CPU
		{62944D1F-72EF-4634-B1AC-F612E9282541}.Debug|Any CPU.Build.0 = Debug|Any CPU
		{62944D1F-72EF-4634-B1AC-F612E9282541}.Release|Any CPU.ActiveCfg = Release|Any CPU
		{62944D1F-72EF-4634-B1AC-F612E9282541}.Release|Any CPU.Build.0 = Release|Any CPU
	EndGlobalSection
	GlobalSection(SolutionProperties) = preSolution
		HideSolutionNode = FALSE
	EndGlobalSection
	GlobalSection(ExtensibilityGlobals) = postSolution
		SolutionGuid = {301A34AD-5339-4440-B932-FF5D34C3A09F}
	EndGlobalSection
EndGlobal
