
Microsoft Visual Studio Solution File, Format Version 12.00
# Visual Studio Version 17
VisualStudioVersion = 17.6.33723.286
MinimumVisualStudioVersion = 10.0.40219.1
Project("{FAE04EC0-301F-11D3-BF4B-00C04F79EFBC}") = "trust project2", "trust project2\trust project2.csproj", "{93155A4C-FBFB-4B94-AC02-7564C8E74572}"
EndProject
Global
	GlobalSection(SolutionConfigurationPlatforms) = preSolution
		Debug|Any CPU = Debug|Any CPU
		Release|Any CPU = Release|Any CPU
	EndGlobalSection
	GlobalSection(ProjectConfigurationPlatforms) = postSolution
		{93155A4C-FBFB-4B94-AC02-7564C8E74572}.Debug|Any CPU.ActiveCfg = Debug|Any CPU
		{93155A4C-FBFB-4B94-AC02-7564C8E74572}.Debug|Any CPU.Build.0 = Debug|Any CPU
		{93155A4C-FBFB-4B94-AC02-7564C8E74572}.Release|Any CPU.ActiveCfg = Release|Any CPU
		{93155A4C-FBFB-4B94-AC02-7564C8E74572}.Release|Any CPU.Build.0 = Release|Any CPU
	EndGlobalSection
	GlobalSection(SolutionProperties) = preSolution
		HideSolutionNode = FALSE
	EndGlobalSection
	GlobalSection(ExtensibilityGlobals) = postSolution
		SolutionGuid = {54A5847C-65FF-4348-BD0F-1A5958DBD4D9}
	EndGlobalSection
EndGlobal
