
Microsoft Visual Studio Solution File, Format Version 12.00
# Visual Studio Version 17
VisualStudioVersion = 17.5.33502.453
MinimumVisualStudioVersion = 10.0.40219.1
Project("{FAE04EC0-301F-11D3-BF4B-00C04F79EFBC}") = "C# program to illustrate the Enum2", "C# program to illustrate the Enum2\C# program to illustrate the Enum2.csproj", "{51CC4317-B993-431D-BB03-D25D9A524DFD}"
EndProject
Global
	GlobalSection(SolutionConfigurationPlatforms) = preSolution
		Debug|Any CPU = Debug|Any CPU
		Release|Any CPU = Release|Any CPU
	EndGlobalSection
	GlobalSection(ProjectConfigurationPlatforms) = postSolution
		{51CC4317-B993-431D-BB03-D25D9A524DFD}.Debug|Any CPU.ActiveCfg = Debug|Any CPU
		{51CC4317-B993-431D-BB03-D25D9A524DFD}.Debug|Any CPU.Build.0 = Debug|Any CPU
		{51CC4317-B993-431D-BB03-D25D9A524DFD}.Release|Any CPU.ActiveCfg = Release|Any CPU
		{51CC4317-B993-431D-BB03-D25D9A524DFD}.Release|Any CPU.Build.0 = Release|Any CPU
	EndGlobalSection
	GlobalSection(SolutionProperties) = preSolution
		HideSolutionNode = FALSE
	EndGlobalSection
	GlobalSection(ExtensibilityGlobals) = postSolution
		SolutionGuid = {9D251D26-EDBF-4B18-862A-D91D6FD1EAEB}
	EndGlobalSection
EndGlobal
