
Microsoft Visual Studio Solution File, Format Version 12.00
# Visual Studio Version 17
VisualStudioVersion = 17.5.33502.453
MinimumVisualStudioVersion = 10.0.40219.1
Project("{FAE04EC0-301F-11D3-BF4B-00C04F79EFBC}") = "Fendalproject", "Fendalproject\Fendalproject.csproj", "{02B53DDA-EE70-4E65-9FE1-D8FB1172FC5D}"
EndProject
Global
	GlobalSection(SolutionConfigurationPlatforms) = preSolution
		Debug|Any CPU = Debug|Any CPU
		Release|Any CPU = Release|Any CPU
	EndGlobalSection
	GlobalSection(ProjectConfigurationPlatforms) = postSolution
		{02B53DDA-EE70-4E65-9FE1-D8FB1172FC5D}.Debug|Any CPU.ActiveCfg = Debug|Any CPU
		{02B53DDA-EE70-4E65-9FE1-D8FB1172FC5D}.Debug|Any CPU.Build.0 = Debug|Any CPU
		{02B53DDA-EE70-4E65-9FE1-D8FB1172FC5D}.Release|Any CPU.ActiveCfg = Release|Any CPU
		{02B53DDA-EE70-4E65-9FE1-D8FB1172FC5D}.Release|Any CPU.Build.0 = Release|Any CPU
	EndGlobalSection
	GlobalSection(SolutionProperties) = preSolution
		HideSolutionNode = FALSE
	EndGlobalSection
	GlobalSection(ExtensibilityGlobals) = postSolution
		SolutionGuid = {AC79C9BB-8303-4931-814F-D1D678F02355}
	EndGlobalSection
EndGlobal
