
Microsoft Visual Studio Solution File, Format Version 12.00
# Visual Studio Version 17
VisualStudioVersion = 17.6.33723.286
MinimumVisualStudioVersion = 10.0.40219.1
Project("{FAE04EC0-301F-11D3-BF4B-00C04F79EFBC}") = "storelibrary", "storelibrary\storelibrary.csproj", "{20F4DD34-A17B-40E9-BFBE-5C9228A7F667}"
EndProject
Global
	GlobalSection(SolutionConfigurationPlatforms) = preSolution
		Debug|Any CPU = Debug|Any CPU
		Release|Any CPU = Release|Any CPU
	EndGlobalSection
	GlobalSection(ProjectConfigurationPlatforms) = postSolution
		{20F4DD34-A17B-40E9-BFBE-5C9228A7F667}.Debug|Any CPU.ActiveCfg = Debug|Any CPU
		{20F4DD34-A17B-40E9-BFBE-5C9228A7F667}.Debug|Any CPU.Build.0 = Debug|Any CPU
		{20F4DD34-A17B-40E9-BFBE-5C9228A7F667}.Release|Any CPU.ActiveCfg = Release|Any CPU
		{20F4DD34-A17B-40E9-BFBE-5C9228A7F667}.Release|Any CPU.Build.0 = Release|Any CPU
	EndGlobalSection
	GlobalSection(SolutionProperties) = preSolution
		HideSolutionNode = FALSE
	EndGlobalSection
	GlobalSection(ExtensibilityGlobals) = postSolution
		SolutionGuid = {752912B9-5DA0-4BC2-92D9-BA94F20CA883}
	EndGlobalSection
EndGlobal
