
Microsoft Visual Studio Solution File, Format Version 12.00
# Visual Studio Version 17
VisualStudioVersion = 17.5.33502.453
MinimumVisualStudioVersion = 10.0.40219.1
Project("{FAE04EC0-301F-11D3-BF4B-00C04F79EFBC}") = "sealed class", "sealed class\sealed class.csproj", "{B11BC89B-23AA-4498-887D-CA40DB4E99B1}"
EndProject
Global
	GlobalSection(SolutionConfigurationPlatforms) = preSolution
		Debug|Any CPU = Debug|Any CPU
		Release|Any CPU = Release|Any CPU
	EndGlobalSection
	GlobalSection(ProjectConfigurationPlatforms) = postSolution
		{B11BC89B-23AA-4498-887D-CA40DB4E99B1}.Debug|Any CPU.ActiveCfg = Debug|Any CPU
		{B11BC89B-23AA-4498-887D-CA40DB4E99B1}.Debug|Any CPU.Build.0 = Debug|Any CPU
		{B11BC89B-23AA-4498-887D-CA40DB4E99B1}.Release|Any CPU.ActiveCfg = Release|Any CPU
		{B11BC89B-23AA-4498-887D-CA40DB4E99B1}.Release|Any CPU.Build.0 = Release|Any CPU
	EndGlobalSection
	GlobalSection(SolutionProperties) = preSolution
		HideSolutionNode = FALSE
	EndGlobalSection
	GlobalSection(ExtensibilityGlobals) = postSolution
		SolutionGuid = {B3C63D4B-FB12-416D-9843-FC1E48675D95}
	EndGlobalSection
EndGlobal
