
Microsoft Visual Studio Solution File, Format Version 12.00
# Visual Studio Version 17
VisualStudioVersion = 17.6.33723.286
MinimumVisualStudioVersion = 10.0.40219.1
Project("{FAE04EC0-301F-11D3-BF4B-00C04F79EFBC}") = "masterpage", "masterpage\masterpage.csproj", "{C2704279-5C28-43A1-A76B-25D704BD3CD9}"
EndProject
Global
	GlobalSection(SolutionConfigurationPlatforms) = preSolution
		Debug|Any CPU = Debug|Any CPU
		Release|Any CPU = Release|Any CPU
	EndGlobalSection
	GlobalSection(ProjectConfigurationPlatforms) = postSolution
		{C2704279-5C28-43A1-A76B-25D704BD3CD9}.Debug|Any CPU.ActiveCfg = Debug|Any CPU
		{C2704279-5C28-43A1-A76B-25D704BD3CD9}.Debug|Any CPU.Build.0 = Debug|Any CPU
		{C2704279-5C28-43A1-A76B-25D704BD3CD9}.Release|Any CPU.ActiveCfg = Release|Any CPU
		{C2704279-5C28-43A1-A76B-25D704BD3CD9}.Release|Any CPU.Build.0 = Release|Any CPU
	EndGlobalSection
	GlobalSection(SolutionProperties) = preSolution
		HideSolutionNode = FALSE
	EndGlobalSection
	GlobalSection(ExtensibilityGlobals) = postSolution
		SolutionGuid = {65B9C198-DC52-4EB6-B2C6-60079CCB9421}
	EndGlobalSection
EndGlobal
