
Microsoft Visual Studio Solution File, Format Version 12.00
# Visual Studio Version 17
VisualStudioVersion = 17.5.33502.453
MinimumVisualStudioVersion = 10.0.40219.1
Project("{FAE04EC0-301F-11D3-BF4B-00C04F79EFBC}") = "enum1", "enum1\enum1.csproj", "{3CFC5D50-7B5B-40F5-8F6B-71B38A1A16F7}"
EndProject
Global
	GlobalSection(SolutionConfigurationPlatforms) = preSolution
		Debug|Any CPU = Debug|Any CPU
		Release|Any CPU = Release|Any CPU
	EndGlobalSection
	GlobalSection(ProjectConfigurationPlatforms) = postSolution
		{3CFC5D50-7B5B-40F5-8F6B-71B38A1A16F7}.Debug|Any CPU.ActiveCfg = Debug|Any CPU
		{3CFC5D50-7B5B-40F5-8F6B-71B38A1A16F7}.Debug|Any CPU.Build.0 = Debug|Any CPU
		{3CFC5D50-7B5B-40F5-8F6B-71B38A1A16F7}.Release|Any CPU.ActiveCfg = Release|Any CPU
		{3CFC5D50-7B5B-40F5-8F6B-71B38A1A16F7}.Release|Any CPU.Build.0 = Release|Any CPU
	EndGlobalSection
	GlobalSection(SolutionProperties) = preSolution
		HideSolutionNode = FALSE
	EndGlobalSection
	GlobalSection(ExtensibilityGlobals) = postSolution
		SolutionGuid = {17968B7D-117B-4DD7-8CD9-FCB188EFAE9C}
	EndGlobalSection
EndGlobal
