
Microsoft Visual Studio Solution File, Format Version 12.00
# Visual Studio Version 17
VisualStudioVersion = 17.6.33723.286
MinimumVisualStudioVersion = 10.0.40219.1
Project("{FAE04EC0-301F-11D3-BF4B-00C04F79EFBC}") = "asp2", "asp2\asp2.csproj", "{11A1C904-3C37-41FE-AEEE-7241A89AD73D}"
EndProject
Global
	GlobalSection(SolutionConfigurationPlatforms) = preSolution
		Debug|Any CPU = Debug|Any CPU
		Release|Any CPU = Release|Any CPU
	EndGlobalSection
	GlobalSection(ProjectConfigurationPlatforms) = postSolution
		{11A1C904-3C37-41FE-AEEE-7241A89AD73D}.Debug|Any CPU.ActiveCfg = Debug|Any CPU
		{11A1C904-3C37-41FE-AEEE-7241A89AD73D}.Debug|Any CPU.Build.0 = Debug|Any CPU
		{11A1C904-3C37-41FE-AEEE-7241A89AD73D}.Release|Any CPU.ActiveCfg = Release|Any CPU
		{11A1C904-3C37-41FE-AEEE-7241A89AD73D}.Release|Any CPU.Build.0 = Release|Any CPU
	EndGlobalSection
	GlobalSection(SolutionProperties) = preSolution
		HideSolutionNode = FALSE
	EndGlobalSection
	GlobalSection(ExtensibilityGlobals) = postSolution
		SolutionGuid = {BA9AE324-E36F-4067-9CA7-F2018FC8C74D}
	EndGlobalSection
EndGlobal
