
Microsoft Visual Studio Solution File, Format Version 12.00
# Visual Studio Version 17
VisualStudioVersion = 17.6.33723.286
MinimumVisualStudioVersion = 10.0.40219.1
Project("{FAE04EC0-301F-11D3-BF4B-00C04F79EFBC}") = "validator", "validator\validator.csproj", "{334454DA-8682-4B13-8E31-C4A035467566}"
EndProject
Global
	GlobalSection(SolutionConfigurationPlatforms) = preSolution
		Debug|Any CPU = Debug|Any CPU
		Release|Any CPU = Release|Any CPU
	EndGlobalSection
	GlobalSection(ProjectConfigurationPlatforms) = postSolution
		{334454DA-8682-4B13-8E31-C4A035467566}.Debug|Any CPU.ActiveCfg = Debug|Any CPU
		{334454DA-8682-4B13-8E31-C4A035467566}.Debug|Any CPU.Build.0 = Debug|Any CPU
		{334454DA-8682-4B13-8E31-C4A035467566}.Release|Any CPU.ActiveCfg = Release|Any CPU
		{334454DA-8682-4B13-8E31-C4A035467566}.Release|Any CPU.Build.0 = Release|Any CPU
	EndGlobalSection
	GlobalSection(SolutionProperties) = preSolution
		HideSolutionNode = FALSE
	EndGlobalSection
	GlobalSection(ExtensibilityGlobals) = postSolution
		SolutionGuid = {C836710A-C65A-4C7D-B04D-98E430A3B817}
	EndGlobalSection
EndGlobal
