
Microsoft Visual Studio Solution File, Format Version 12.00
# Visual Studio Version 17
VisualStudioVersion = 17.5.33502.453
MinimumVisualStudioVersion = 10.0.40219.1
Project("{FAE04EC0-301F-11D3-BF4B-00C04F79EFBC}") = "adouser2", "adouser2\adouser2.csproj", "{C38DAF98-074F-4A25-942C-8F0A331C4912}"
EndProject
Global
	GlobalSection(SolutionConfigurationPlatforms) = preSolution
		Debug|Any CPU = Debug|Any CPU
		Release|Any CPU = Release|Any CPU
	EndGlobalSection
	GlobalSection(ProjectConfigurationPlatforms) = postSolution
		{C38DAF98-074F-4A25-942C-8F0A331C4912}.Debug|Any CPU.ActiveCfg = Debug|Any CPU
		{C38DAF98-074F-4A25-942C-8F0A331C4912}.Debug|Any CPU.Build.0 = Debug|Any CPU
		{C38DAF98-074F-4A25-942C-8F0A331C4912}.Release|Any CPU.ActiveCfg = Release|Any CPU
		{C38DAF98-074F-4A25-942C-8F0A331C4912}.Release|Any CPU.Build.0 = Release|Any CPU
	EndGlobalSection
	GlobalSection(SolutionProperties) = preSolution
		HideSolutionNode = FALSE
	EndGlobalSection
	GlobalSection(ExtensibilityGlobals) = postSolution
		SolutionGuid = {3918DBF3-2EDA-4B33-ABF7-9D50FEC7701D}
	EndGlobalSection
EndGlobal
