
Microsoft Visual Studio Solution File, Format Version 12.00
# Visual Studio Version 17
VisualStudioVersion = 17.5.33502.453
MinimumVisualStudioVersion = 10.0.40219.1
Project("{FAE04EC0-301F-11D3-BF4B-00C04F79EFBC}") = "C# string equals", "C# string equals\C# string equals.csproj", "{2A14056F-7CA8-4C8E-9837-E5A66FCCDA36}"
EndProject
Global
	GlobalSection(SolutionConfigurationPlatforms) = preSolution
		Debug|Any CPU = Debug|Any CPU
		Release|Any CPU = Release|Any CPU
	EndGlobalSection
	GlobalSection(ProjectConfigurationPlatforms) = postSolution
		{2A14056F-7CA8-4C8E-9837-E5A66FCCDA36}.Debug|Any CPU.ActiveCfg = Debug|Any CPU
		{2A14056F-7CA8-4C8E-9837-E5A66FCCDA36}.Debug|Any CPU.Build.0 = Debug|Any CPU
		{2A14056F-7CA8-4C8E-9837-E5A66FCCDA36}.Release|Any CPU.ActiveCfg = Release|Any CPU
		{2A14056F-7CA8-4C8E-9837-E5A66FCCDA36}.Release|Any CPU.Build.0 = Release|Any CPU
	EndGlobalSection
	GlobalSection(SolutionProperties) = preSolution
		HideSolutionNode = FALSE
	EndGlobalSection
	GlobalSection(ExtensibilityGlobals) = postSolution
		SolutionGuid = {B50058E1-43D2-4138-B668-B19770ACA945}
	EndGlobalSection
EndGlobal
