
Microsoft Visual Studio Solution File, Format Version 12.00
# Visual Studio Version 17
VisualStudioVersion = 17.5.33502.453
MinimumVisualStudioVersion = 10.0.40219.1
Project("{FAE04EC0-301F-11D3-BF4B-00C04F79EFBC}") = "enum byte type", "enum byte type\enum byte type.csproj", "{58A6C355-A490-4F4F-AA4F-8FF7356746C9}"
EndProject
Global
	GlobalSection(SolutionConfigurationPlatforms) = preSolution
		Debug|Any CPU = Debug|Any CPU
		Release|Any CPU = Release|Any CPU
	EndGlobalSection
	GlobalSection(ProjectConfigurationPlatforms) = postSolution
		{58A6C355-A490-4F4F-AA4F-8FF7356746C9}.Debug|Any CPU.ActiveCfg = Debug|Any CPU
		{58A6C355-A490-4F4F-AA4F-8FF7356746C9}.Debug|Any CPU.Build.0 = Debug|Any CPU
		{58A6C355-A490-4F4F-AA4F-8FF7356746C9}.Release|Any CPU.ActiveCfg = Release|Any CPU
		{58A6C355-A490-4F4F-AA4F-8FF7356746C9}.Release|Any CPU.Build.0 = Release|Any CPU
	EndGlobalSection
	GlobalSection(SolutionProperties) = preSolution
		HideSolutionNode = FALSE
	EndGlobalSection
	GlobalSection(ExtensibilityGlobals) = postSolution
		SolutionGuid = {6F675177-F9F3-4F53-B0A0-5DE9AB3CE224}
	EndGlobalSection
EndGlobal
