
Microsoft Visual Studio Solution File, Format Version 12.00
# Visual Studio Version 17
VisualStudioVersion = 17.5.33502.453
MinimumVisualStudioVersion = 10.0.40219.1
Project("{FAE04EC0-301F-11D3-BF4B-00C04F79EFBC}") = "ado user1", "ado user1\ado user1.csproj", "{F424BB45-4AB0-4DB8-A69C-836B1001490F}"
EndProject
Global
	GlobalSection(SolutionConfigurationPlatforms) = preSolution
		Debug|Any CPU = Debug|Any CPU
		Release|Any CPU = Release|Any CPU
	EndGlobalSection
	GlobalSection(ProjectConfigurationPlatforms) = postSolution
		{F424BB45-4AB0-4DB8-A69C-836B1001490F}.Debug|Any CPU.ActiveCfg = Debug|Any CPU
		{F424BB45-4AB0-4DB8-A69C-836B1001490F}.Debug|Any CPU.Build.0 = Debug|Any CPU
		{F424BB45-4AB0-4DB8-A69C-836B1001490F}.Release|Any CPU.ActiveCfg = Release|Any CPU
		{F424BB45-4AB0-4DB8-A69C-836B1001490F}.Release|Any CPU.Build.0 = Release|Any CPU
	EndGlobalSection
	GlobalSection(SolutionProperties) = preSolution
		HideSolutionNode = FALSE
	EndGlobalSection
	GlobalSection(ExtensibilityGlobals) = postSolution
		SolutionGuid = {30E639E6-3F02-4A2A-B038-8A5AE71013CF}
	EndGlobalSection
EndGlobal
