
Microsoft Visual Studio Solution File, Format Version 12.00
# Visual Studio Version 17
VisualStudioVersion = 17.5.33502.453
MinimumVisualStudioVersion = 10.0.40219.1
Project("{FAE04EC0-301F-11D3-BF4B-00C04F79EFBC}") = "ex of static field", "ex of static field\ex of static field.csproj", "{792BA51E-EEC3-44EE-A53F-E09475C4BD0D}"
EndProject
Global
	GlobalSection(SolutionConfigurationPlatforms) = preSolution
		Debug|Any CPU = Debug|Any CPU
		Release|Any CPU = Release|Any CPU
	EndGlobalSection
	GlobalSection(ProjectConfigurationPlatforms) = postSolution
		{792BA51E-EEC3-44EE-A53F-E09475C4BD0D}.Debug|Any CPU.ActiveCfg = Debug|Any CPU
		{792BA51E-EEC3-44EE-A53F-E09475C4BD0D}.Debug|Any CPU.Build.0 = Debug|Any CPU
		{792BA51E-EEC3-44EE-A53F-E09475C4BD0D}.Release|Any CPU.ActiveCfg = Release|Any CPU
		{792BA51E-EEC3-44EE-A53F-E09475C4BD0D}.Release|Any CPU.Build.0 = Release|Any CPU
	EndGlobalSection
	GlobalSection(SolutionProperties) = preSolution
		HideSolutionNode = FALSE
	EndGlobalSection
	GlobalSection(ExtensibilityGlobals) = postSolution
		SolutionGuid = {F1B0A0AA-E3F8-478E-9F68-8680DF3B69B5}
	EndGlobalSection
EndGlobal
