
Microsoft Visual Studio Solution File, Format Version 12.00
# Visual Studio Version 17
VisualStudioVersion = 17.5.33502.453
MinimumVisualStudioVersion = 10.0.40219.1
Project("{FAE04EC0-301F-11D3-BF4B-00C04F79EFBC}") = "update delete ado", "update delete ado\update delete ado.csproj", "{6558F185-C418-4A97-88C1-A859160C762E}"
EndProject
Global
	GlobalSection(SolutionConfigurationPlatforms) = preSolution
		Debug|Any CPU = Debug|Any CPU
		Release|Any CPU = Release|Any CPU
	EndGlobalSection
	GlobalSection(ProjectConfigurationPlatforms) = postSolution
		{6558F185-C418-4A97-88C1-A859160C762E}.Debug|Any CPU.ActiveCfg = Debug|Any CPU
		{6558F185-C418-4A97-88C1-A859160C762E}.Debug|Any CPU.Build.0 = Debug|Any CPU
		{6558F185-C418-4A97-88C1-A859160C762E}.Release|Any CPU.ActiveCfg = Release|Any CPU
		{6558F185-C418-4A97-88C1-A859160C762E}.Release|Any CPU.Build.0 = Release|Any CPU
	EndGlobalSection
	GlobalSection(SolutionProperties) = preSolution
		HideSolutionNode = FALSE
	EndGlobalSection
	GlobalSection(ExtensibilityGlobals) = postSolution
		SolutionGuid = {C940A20F-7545-4336-A549-98996CDBCEC1}
	EndGlobalSection
EndGlobal
